{
  "name": "hygiene-demo",
  "lockfileVersion": 3,
  "requires": true,
  "packages": {
    "": {
      "name": "hygiene-demo",
      "dependencies": {
        "left-pad": "1.3.0",
        "lodahs": "1.0.0"
      }
    },
    "node_modules/evil-hooks": {
      "version": "1.0.0",
      "hasInstallScript": true
    },
    "node_modules/left-pad": {
      "version": "1.3.0"
    }
  }
}
